
Microsoft Visual Studio Solution File, Format Version 12.00
# Visual Studio Version 17
VisualStudioVersion = 17.7.34024.191
MinimumVisualStudioVersion = 10.0.40219.1
Project("{9A19103F-16F7-4668-BE54-9A1E7A4F7556}") = "Assignment", "Assignment\Assignment.csproj", "{D6933D25-4072-4B23-A865-115E61E8E03F}"
EndProject
Project("{FAE04EC0-301F-11D3-BF4B-00C04F79EFBC}") = "Assignment.Tests", "Assignment.Tests\Assignment.Tests.csproj", "{DFB331BA-F4F9-4572-875A-B089CD3D4F9E}"
EndProject
Global
	GlobalSection(SolutionConfigurationPlatforms) = preSolution
		Debug|Any CPU = Debug|Any CPU
		Release|Any CPU = Release|Any CPU
	EndGlobalSection
	GlobalSection(ProjectConfigurationPlatforms) = postSolution
		{D6933D25-4072-4B23-A865-115E61E8E03F}.Debug|Any CPU.ActiveCfg = Debug|Any CPU
		{D6933D25-4072-4B23-A865-115E61E8E03F}.Debug|Any CPU.Build.0 = Debug|Any CPU
		{D6933D25-4072-4B23-A865-115E61E8E03F}.Release|Any CPU.ActiveCfg = Release|Any CPU
		{D6933D25-4072-4B23-A865-115E61E8E03F}.Release|Any CPU.Build.0 = Release|Any CPU
		{DFB331BA-F4F9-4572-875A-B089CD3D4F9E}.Debug|Any CPU.ActiveCfg = Debug|Any CPU
		{DFB331BA-F4F9-4572-875A-B089CD3D4F9E}.Debug|Any CPU.Build.0 = Debug|Any CPU
		{DFB331BA-F4F9-4572-875A-B089CD3D4F9E}.Release|Any CPU.ActiveCfg = Release|Any CPU
		{DFB331BA-F4F9-4572-875A-B089CD3D4F9E}.Release|Any CPU.Build.0 = Release|Any CPU
	EndGlobalSection
	GlobalSection(SolutionProperties) = preSolution
		HideSolutionNode = FALSE
	EndGlobalSection
	GlobalSection(ExtensibilityGlobals) = postSolution
		SolutionGuid = {170476D4-55DF-4572-8062-5E3EB620C7BE}
	EndGlobalSection
EndGlobal
